
Microsoft Visual Studio Solution File, Format Version 12.00
# Visual Studio Version 17
VisualStudioVersion = 17.6.33815.320
MinimumVisualStudioVersion = 10.0.40219.1
Project("{9A19103F-16F7-4668-BE54-9A1E7A4F7556}") = "DecenaSoluciones.POS.API", "DecenaSoluciones.POS.API\DecenaSoluciones.POS.API.csproj", "{2A5250D1-128D-43CF-B2D9-A611C7881384}"
EndProject
Project("{9A19103F-16F7-4668-BE54-9A1E7A4F7556}") = "DecenaSoluciones.POS.Shared", "DecenaSoluciones.POS.Shared\DecenaSoluciones.POS.Shared.csproj", "{A2599CE4-F024-41D1-9B80-6E21AE2AE90B}"
EndProject
Project("{9A19103F-16F7-4668-BE54-9A1E7A4F7556}") = "DecenaSoluciones.POS.WebApp", "DecenaSoluciones.POS.WebApp\DecenaSoluciones.POS.WebApp.csproj", "{BFC71CCC-EF4E-4A20-86EC-0574A9BE6977}"
EndProject
Project("{2150E333-8FDC-42A3-9474-1A3956D46DE8}") = "Solution Items", "Solution Items", "{497C6A64-C7D6-472D-9E34-BBBEA461A412}"
	ProjectSection(SolutionItems) = preProject
		.editorconfig = .editorconfig
	EndProjectSection
EndProject
Project("{FAE04EC0-301F-11D3-BF4B-00C04F79EFBC}") = "DecenaSoluciones.POS.App", "DecenaSoluciones.POS.App\DecenaSoluciones.POS.App.csproj", "{1D794FC6-9F05-45FC-8B57-8F61A4B24C8D}"
EndProject
Global
	GlobalSection(SolutionConfigurationPlatforms) = preSolution
		Debug|Any CPU = Debug|Any CPU
		Release|Any CPU = Release|Any CPU
	EndGlobalSection
	GlobalSection(ProjectConfigurationPlatforms) = postSolution
		{2A5250D1-128D-43CF-B2D9-A611C7881384}.Debug|Any CPU.ActiveCfg = Debug|Any CPU
		{2A5250D1-128D-43CF-B2D9-A611C7881384}.Debug|Any CPU.Build.0 = Debug|Any CPU
		{2A5250D1-128D-43CF-B2D9-A611C7881384}.Release|Any CPU.ActiveCfg = Release|Any CPU
		{2A5250D1-128D-43CF-B2D9-A611C7881384}.Release|Any CPU.Build.0 = Release|Any CPU
		{A2599CE4-F024-41D1-9B80-6E21AE2AE90B}.Debug|Any CPU.ActiveCfg = Debug|Any CPU
		{A2599CE4-F024-41D1-9B80-6E21AE2AE90B}.Debug|Any CPU.Build.0 = Debug|Any CPU
		{A2599CE4-F024-41D1-9B80-6E21AE2AE90B}.Release|Any CPU.ActiveCfg = Release|Any CPU
		{A2599CE4-F024-41D1-9B80-6E21AE2AE90B}.Release|Any CPU.Build.0 = Release|Any CPU
		{BFC71CCC-EF4E-4A20-86EC-0574A9BE6977}.Debug|Any CPU.ActiveCfg = Debug|Any CPU
		{BFC71CCC-EF4E-4A20-86EC-0574A9BE6977}.Debug|Any CPU.Build.0 = Debug|Any CPU
		{BFC71CCC-EF4E-4A20-86EC-0574A9BE6977}.Release|Any CPU.ActiveCfg = Release|Any CPU
		{BFC71CCC-EF4E-4A20-86EC-0574A9BE6977}.Release|Any CPU.Build.0 = Release|Any CPU
		{1D794FC6-9F05-45FC-8B57-8F61A4B24C8D}.Debug|Any CPU.ActiveCfg = Debug|Any CPU
		{1D794FC6-9F05-45FC-8B57-8F61A4B24C8D}.Debug|Any CPU.Build.0 = Debug|Any CPU
		{1D794FC6-9F05-45FC-8B57-8F61A4B24C8D}.Debug|Any CPU.Deploy.0 = Debug|Any CPU
		{1D794FC6-9F05-45FC-8B57-8F61A4B24C8D}.Release|Any CPU.ActiveCfg = Release|Any CPU
		{1D794FC6-9F05-45FC-8B57-8F61A4B24C8D}.Release|Any CPU.Build.0 = Release|Any CPU
		{1D794FC6-9F05-45FC-8B57-8F61A4B24C8D}.Release|Any CPU.Deploy.0 = Release|Any CPU
	EndGlobalSection
	GlobalSection(SolutionProperties) = preSolution
		HideSolutionNode = FALSE
	EndGlobalSection
	GlobalSection(ExtensibilityGlobals) = postSolution
		SolutionGuid = {8E641F88-0D5D-4E06-90CD-EAEF965F54DE}
	EndGlobalSection
EndGlobal
